
Microsoft Visual Studio Solution File, Format Version 12.00
# Visual Studio Version 17
VisualStudioVersion = 17.13.35931.197 d17.13
MinimumVisualStudioVersion = 10.0.40219.1
Project("{FAE04EC0-301F-11D3-BF4B-00C04F79EFBC}") = "BookStoreDotnet", "BookStoreDotnet\BookStoreDotnet.csproj", "{3FD65C89-7630-44FE-B1AE-FCBAFD59A8A9}"
EndProject
Global
	GlobalSection(SolutionConfigurationPlatforms) = preSolution
		Debug|Any CPU = Debug|Any CPU
		Release|Any CPU = Release|Any CPU
	EndGlobalSection
	GlobalSection(ProjectConfigurationPlatforms) = postSolution
		{3FD65C89-7630-44FE-B1AE-FCBAFD59A8A9}.Debug|Any CPU.ActiveCfg = Debug|Any CPU
		{3FD65C89-7630-44FE-B1AE-FCBAFD59A8A9}.Debug|Any CPU.Build.0 = Debug|Any CPU
		{3FD65C89-7630-44FE-B1AE-FCBAFD59A8A9}.Release|Any CPU.ActiveCfg = Release|Any CPU
		{3FD65C89-7630-44FE-B1AE-FCBAFD59A8A9}.Release|Any CPU.Build.0 = Release|Any CPU
	EndGlobalSection
	GlobalSection(SolutionProperties) = preSolution
		HideSolutionNode = FALSE
	EndGlobalSection
	GlobalSection(ExtensibilityGlobals) = postSolution
		SolutionGuid = {05AA6A2C-4108-473F-9CE6-30532D2AD6CB}
	EndGlobalSection
EndGlobal
